
Microsoft Visual Studio Solution File, Format Version 12.00
# Visual Studio 2012
Project("{FAE04EC0-301F-11D3-BF4B-00C04F79EFBC}") = "scr2esp", "scr2esp\scr2esp.csproj", "{F95C87F3-5169-4F00-AD3E-FA6CC873C72D}"
EndProject
Global
	GlobalSection(SolutionConfigurationPlatforms) = preSolution
		Debug|Any CPU = Debug|Any CPU
		Release|Any CPU = Release|Any CPU
	EndGlobalSection
	GlobalSection(ProjectConfigurationPlatforms) = postSolution
		{F95C87F3-5169-4F00-AD3E-FA6CC873C72D}.Debug|Any CPU.ActiveCfg = Debug|Any CPU
		{F95C87F3-5169-4F00-AD3E-FA6CC873C72D}.Debug|Any CPU.Build.0 = Debug|Any CPU
		{F95C87F3-5169-4F00-AD3E-FA6CC873C72D}.Release|Any CPU.ActiveCfg = Release|Any CPU
		{F95C87F3-5169-4F00-AD3E-FA6CC873C72D}.Release|Any CPU.Build.0 = Release|Any CPU
	EndGlobalSection
	GlobalSection(SolutionProperties) = preSolution
		HideSolutionNode = FALSE
	EndGlobalSection
EndGlobal
